<Solution>
  <Folder Name="/Task0/">
    <Project Path="Tyuiu.SadykovSV.Sprint5.Task0.V30.Lib/Tyuiu.SadykovSV.Sprint5.Task0.V30.Lib.csproj" Id="d4316179-1ecc-402d-a5da-6233c056135b" />
    <Project Path="Tyuiu.SadykovSV.Sprint5.Task0.V30.Test/Tyuiu.SadykovSV.Sprint5.Task0.V30.Test.csproj" Id="c2d9b5cc-bee0-438d-aae5-6de2fa9e37ec" />
    <Project Path="Tyuiu.SadykovSV.Sprint5.Task0.V30/Tyuiu.SadykovSV.Sprint5.Task0.V30.csproj" Id="102dc410-d6c4-4540-9ee0-63cb44bdb9e9" />
  </Folder>
  <Folder Name="/Task1/">
    <Project Path="Tyuiu.SadykovSV.Sprint5.Task1.V14.Lib/Tyuiu.SadykovSV.Sprint5.Task1.V14.Lib.csproj" Id="8246623d-579c-4d3b-b9cd-2d57ad8e00ab" />
    <Project Path="Tyuiu.SadykovSV.Sprint5.Task1.V14.Test/Tyuiu.SadykovSV.Sprint5.Task1.V14.Test.csproj" Id="18484fb5-4e29-46c1-a098-2d450e5e99fc" />
    <Project Path="Tyuiu.SadykovSV.Sprint5.Task1.V14/Tyuiu.SadykovSV.Sprint5.Task1.V14.csproj" Id="6f22a223-3e7f-4146-9c5b-ab71419b6c55" />
  </Folder>
  <Folder Name="/Task2/">
    <Project Path="Tyuiu.SadykovSV.Sprint5.Task2.V27.Lib/Tyuiu.SadykovSV.Sprint5.Task2.V27.Lib.csproj" Id="df0a862d-8997-4bdc-ade3-daed22340498" />
    <Project Path="Tyuiu.SadykovSV.Sprint5.Task2.V27.Test/Tyuiu.SadykovSV.Sprint5.Task2.V27.Test.csproj" Id="64b79822-a7b7-474b-bf64-b4c0480190af" />
    <Project Path="Tyuiu.SadykovSV.Sprint5.Task2.V27/Tyuiu.SadykovSV.Sprint5.Task2.V27.csproj" Id="8e896ea3-1635-4ef2-893c-68ef37543e8c" />
  </Folder>
</Solution>
